
Microsoft Visual Studio Solution File, Format Version 12.00
# Visual Studio Version 16
VisualStudioVersion = 16.0.29020.237
MinimumVisualStudioVersion = 10.0.40219.1
Project("{FAE04EC0-301F-11D3-BF4B-00C04F79EFBC}") = "TrackerLibrary", "TrackerLibrary\TrackerLibrary.csproj", "{2831A056-191C-482E-B9C5-E519B16B341B}"
EndProject
Project("{FAE04EC0-301F-11D3-BF4B-00C04F79EFBC}") = "TrackerUI", "TrackerUI\TrackerUI.csproj", "{3959E2EF-B9BE-412D-88D4-C43CFBC3A7C8}"
EndProject
Global
	GlobalSection(SolutionConfigurationPlatforms) = preSolution
		Debug|Any CPU = Debug|Any CPU
		Release|Any CPU = Release|Any CPU
	EndGlobalSection
	GlobalSection(ProjectConfigurationPlatforms) = postSolution
		{2831A056-191C-482E-B9C5-E519B16B341B}.Debug|Any CPU.ActiveCfg = Debug|Any CPU
		{2831A056-191C-482E-B9C5-E519B16B341B}.Debug|Any CPU.Build.0 = Debug|Any CPU
		{2831A056-191C-482E-B9C5-E519B16B341B}.Release|Any CPU.ActiveCfg = Release|Any CPU
		{2831A056-191C-482E-B9C5-E519B16B341B}.Release|Any CPU.Build.0 = Release|Any CPU
		{3959E2EF-B9BE-412D-88D4-C43CFBC3A7C8}.Debug|Any CPU.ActiveCfg = Debug|Any CPU
		{3959E2EF-B9BE-412D-88D4-C43CFBC3A7C8}.Debug|Any CPU.Build.0 = Debug|Any CPU
		{3959E2EF-B9BE-412D-88D4-C43CFBC3A7C8}.Release|Any CPU.ActiveCfg = Release|Any CPU
		{3959E2EF-B9BE-412D-88D4-C43CFBC3A7C8}.Release|Any CPU.Build.0 = Release|Any CPU
	EndGlobalSection
	GlobalSection(SolutionProperties) = preSolution
		HideSolutionNode = FALSE
	EndGlobalSection
	GlobalSection(ExtensibilityGlobals) = postSolution
		SolutionGuid = {5C6F4496-1B74-4458-94FE-09E3C0C70EEC}
	EndGlobalSection
EndGlobal
